
Microsoft Visual Studio Solution File, Format Version 12.00
Project("{FAE04EC0-301F-11D3-BF4B-00C04F79EFBC}") = "RateLimiter", "RateLimiter\RateLimiter.csproj", "{9CCAC83C-C86E-4595-B2B7-598D3D3DEC26}"
EndProject
Project("{FAE04EC0-301F-11D3-BF4B-00C04F79EFBC}") = "Sample", "Sample\Sample.csproj", "{66D6E7C6-3A12-4992-B9BE-BA8F292A963E}"
EndProject
Project("{FAE04EC0-301F-11D3-BF4B-00C04F79EFBC}") = "RateLimiter.AspNetCore", "RateLimiter.AspNetCore\RateLimiter.AspNetCore.csproj", "{6B8F6E5A-4301-42CB-B948-3B78E646E9D5}"
EndProject
Project("{FAE04EC0-301F-11D3-BF4B-00C04F79EFBC}") = "RateLimiter.Tests", "RateLimiter.Tests\RateLimiter.Tests.csproj", "{278700CE-0B9F-42F5-A24C-950BD861DE1F}"
EndProject
Global
	GlobalSection(SolutionConfigurationPlatforms) = preSolution
		Debug|Any CPU = Debug|Any CPU
		Release|Any CPU = Release|Any CPU
	EndGlobalSection
	GlobalSection(ProjectConfigurationPlatforms) = postSolution
		{9CCAC83C-C86E-4595-B2B7-598D3D3DEC26}.Debug|Any CPU.ActiveCfg = Debug|Any CPU
		{9CCAC83C-C86E-4595-B2B7-598D3D3DEC26}.Debug|Any CPU.Build.0 = Debug|Any CPU
		{9CCAC83C-C86E-4595-B2B7-598D3D3DEC26}.Release|Any CPU.ActiveCfg = Release|Any CPU
		{9CCAC83C-C86E-4595-B2B7-598D3D3DEC26}.Release|Any CPU.Build.0 = Release|Any CPU
		{66D6E7C6-3A12-4992-B9BE-BA8F292A963E}.Debug|Any CPU.ActiveCfg = Debug|Any CPU
		{66D6E7C6-3A12-4992-B9BE-BA8F292A963E}.Debug|Any CPU.Build.0 = Debug|Any CPU
		{66D6E7C6-3A12-4992-B9BE-BA8F292A963E}.Release|Any CPU.ActiveCfg = Release|Any CPU
		{66D6E7C6-3A12-4992-B9BE-BA8F292A963E}.Release|Any CPU.Build.0 = Release|Any CPU
		{6B8F6E5A-4301-42CB-B948-3B78E646E9D5}.Debug|Any CPU.ActiveCfg = Debug|Any CPU
		{6B8F6E5A-4301-42CB-B948-3B78E646E9D5}.Debug|Any CPU.Build.0 = Debug|Any CPU
		{6B8F6E5A-4301-42CB-B948-3B78E646E9D5}.Release|Any CPU.ActiveCfg = Release|Any CPU
		{6B8F6E5A-4301-42CB-B948-3B78E646E9D5}.Release|Any CPU.Build.0 = Release|Any CPU
		{278700CE-0B9F-42F5-A24C-950BD861DE1F}.Debug|Any CPU.ActiveCfg = Debug|Any CPU
		{278700CE-0B9F-42F5-A24C-950BD861DE1F}.Debug|Any CPU.Build.0 = Debug|Any CPU
		{278700CE-0B9F-42F5-A24C-950BD861DE1F}.Release|Any CPU.ActiveCfg = Release|Any CPU
		{278700CE-0B9F-42F5-A24C-950BD861DE1F}.Release|Any CPU.Build.0 = Release|Any CPU
	EndGlobalSection
EndGlobal
