
Microsoft Visual Studio Solution File, Format Version 12.00
# Visual Studio Version 17
VisualStudioVersion = 17.9.34728.123
MinimumVisualStudioVersion = 10.0.40219.1
Project("{FAE04EC0-301F-11D3-BF4B-00C04F79EFBC}") = "WebApp", "WebApp\WebApp.csproj", "{3710EAEE-DE75-4EF4-97C1-604F76FB9684}"
EndProject
Project("{FAE04EC0-301F-11D3-BF4B-00C04F79EFBC}") = "RateLimiter", "RateLimiter\RateLimiter.csproj", "{05DAAF65-CB67-44A1-B8F3-CD662F77D9ED}"
EndProject
Project("{FAE04EC0-301F-11D3-BF4B-00C04F79EFBC}") = "RateLimiter.Tests", "RateLimiter.Tests\RateLimiter.Tests.csproj", "{1432478D-760B-4A82-BF25-567746B83334}"
EndProject
Global
	GlobalSection(SolutionConfigurationPlatforms) = preSolution
		Debug|Any CPU = Debug|Any CPU
		Release|Any CPU = Release|Any CPU
	EndGlobalSection
	GlobalSection(ProjectConfigurationPlatforms) = postSolution
		{3710EAEE-DE75-4EF4-97C1-604F76FB9684}.Debug|Any CPU.ActiveCfg = Debug|Any CPU
		{3710EAEE-DE75-4EF4-97C1-604F76FB9684}.Debug|Any CPU.Build.0 = Debug|Any CPU
		{3710EAEE-DE75-4EF4-97C1-604F76FB9684}.Release|Any CPU.ActiveCfg = Release|Any CPU
		{3710EAEE-DE75-4EF4-97C1-604F76FB9684}.Release|Any CPU.Build.0 = Release|Any CPU
		{05DAAF65-CB67-44A1-B8F3-CD662F77D9ED}.Debug|Any CPU.ActiveCfg = Debug|Any CPU
		{05DAAF65-CB67-44A1-B8F3-CD662F77D9ED}.Debug|Any CPU.Build.0 = Debug|Any CPU
		{05DAAF65-CB67-44A1-B8F3-CD662F77D9ED}.Release|Any CPU.ActiveCfg = Release|Any CPU
		{05DAAF65-CB67-44A1-B8F3-CD662F77D9ED}.Release|Any CPU.Build.0 = Release|Any CPU
		{1432478D-760B-4A82-BF25-567746B83334}.Debug|Any CPU.ActiveCfg = Debug|Any CPU
		{1432478D-760B-4A82-BF25-567746B83334}.Debug|Any CPU.Build.0 = Debug|Any CPU
		{1432478D-760B-4A82-BF25-567746B83334}.Release|Any CPU.ActiveCfg = Release|Any CPU
		{1432478D-760B-4A82-BF25-567746B83334}.Release|Any CPU.Build.0 = Release|Any CPU
	EndGlobalSection
	GlobalSection(SolutionProperties) = preSolution
		HideSolutionNode = FALSE
	EndGlobalSection
	GlobalSection(ExtensibilityGlobals) = postSolution
		SolutionGuid = {00F82C64-C29C-4FE2-A10A-D892E34C8028}
	EndGlobalSection
EndGlobal
